
Microsoft Visual Studio Solution File, Format Version 12.00
# Visual Studio Version 16
VisualStudioVersion = 16.0.30907.101
MinimumVisualStudioVersion = 10.0.40219.1
Project("{FAE04EC0-301F-11D3-BF4B-00C04F79EFBC}") = "SignalRChat", "SignalRChat\SignalRChat.csproj", "{0A4ED5A3-2928-4F6B-ADCB-8ADC3DB69175}"
EndProject
Global
	GlobalSection(SolutionConfigurationPlatforms) = preSolution
		Debug|Any CPU = Debug|Any CPU
		Release|Any CPU = Release|Any CPU
	EndGlobalSection
	GlobalSection(ProjectConfigurationPlatforms) = postSolution
		{0A4ED5A3-2928-4F6B-ADCB-8ADC3DB69175}.Debug|Any CPU.ActiveCfg = Debug|Any CPU
		{0A4ED5A3-2928-4F6B-ADCB-8ADC3DB69175}.Debug|Any CPU.Build.0 = Debug|Any CPU
		{0A4ED5A3-2928-4F6B-ADCB-8ADC3DB69175}.Release|Any CPU.ActiveCfg = Release|Any CPU
		{0A4ED5A3-2928-4F6B-ADCB-8ADC3DB69175}.Release|Any CPU.Build.0 = Release|Any CPU
	EndGlobalSection
	GlobalSection(SolutionProperties) = preSolution
		HideSolutionNode = FALSE
	EndGlobalSection
	GlobalSection(ExtensibilityGlobals) = postSolution
		SolutionGuid = {A091BBFE-6788-4F36-A00E-181F4943E1FE}
	EndGlobalSection
EndGlobal
